
Microsoft Visual Studio Solution File, Format Version 12.00
# Visual Studio Version 16
VisualStudioVersion = 16.0.29905.134
MinimumVisualStudioVersion = 10.0.40219.1
Project("{FAE04EC0-301F-11D3-BF4B-00C04F79EFBC}") = "Practice1", "Practice1\Practice1.csproj", "{D986D45B-1E08-4428-9013-966EF32860F4}"
EndProject
Global
	GlobalSection(SolutionConfigurationPlatforms) = preSolution
		Debug|Any CPU = Debug|Any CPU
		Release|Any CPU = Release|Any CPU
	EndGlobalSection
	GlobalSection(ProjectConfigurationPlatforms) = postSolution
		{D986D45B-1E08-4428-9013-966EF32860F4}.Debug|Any CPU.ActiveCfg = Debug|Any CPU
		{D986D45B-1E08-4428-9013-966EF32860F4}.Debug|Any CPU.Build.0 = Debug|Any CPU
		{D986D45B-1E08-4428-9013-966EF32860F4}.Release|Any CPU.ActiveCfg = Release|Any CPU
		{D986D45B-1E08-4428-9013-966EF32860F4}.Release|Any CPU.Build.0 = Release|Any CPU
	EndGlobalSection
	GlobalSection(SolutionProperties) = preSolution
		HideSolutionNode = FALSE
	EndGlobalSection
	GlobalSection(ExtensibilityGlobals) = postSolution
		SolutionGuid = {3DABEB57-6F29-4BF9-8F03-BED11D3A09CD}
	EndGlobalSection
EndGlobal
