
Microsoft Visual Studio Solution File, Format Version 12.00
# Visual Studio Version 16
VisualStudioVersion = 16.0.29613.14
MinimumVisualStudioVersion = 10.0.40219.1
Project("{9A19103F-16F7-4668-BE54-9A1E7A4F7556}") = "OrderManageSystem", "OrderManageSystem\OrderManageSystem.csproj", "{BC0451FF-F747-406B-95C0-6B52A3D73DC3}"
EndProject
Project("{FAE04EC0-301F-11D3-BF4B-00C04F79EFBC}") = "OrderManageSystemTests", "OrderManageSystemTests\OrderManageSystemTests.csproj", "{03FB3CCA-4624-497D-AD7D-C43F9360839E}"
EndProject
Global
	GlobalSection(SolutionConfigurationPlatforms) = preSolution
		Debug|Any CPU = Debug|Any CPU
		Release|Any CPU = Release|Any CPU
	EndGlobalSection
	GlobalSection(ProjectConfigurationPlatforms) = postSolution
		{BC0451FF-F747-406B-95C0-6B52A3D73DC3}.Debug|Any CPU.ActiveCfg = Debug|Any CPU
		{BC0451FF-F747-406B-95C0-6B52A3D73DC3}.Debug|Any CPU.Build.0 = Debug|Any CPU
		{BC0451FF-F747-406B-95C0-6B52A3D73DC3}.Release|Any CPU.ActiveCfg = Release|Any CPU
		{BC0451FF-F747-406B-95C0-6B52A3D73DC3}.Release|Any CPU.Build.0 = Release|Any CPU
		{03FB3CCA-4624-497D-AD7D-C43F9360839E}.Debug|Any CPU.ActiveCfg = Debug|Any CPU
		{03FB3CCA-4624-497D-AD7D-C43F9360839E}.Debug|Any CPU.Build.0 = Debug|Any CPU
		{03FB3CCA-4624-497D-AD7D-C43F9360839E}.Release|Any CPU.ActiveCfg = Release|Any CPU
		{03FB3CCA-4624-497D-AD7D-C43F9360839E}.Release|Any CPU.Build.0 = Release|Any CPU
	EndGlobalSection
	GlobalSection(SolutionProperties) = preSolution
		HideSolutionNode = FALSE
	EndGlobalSection
	GlobalSection(ExtensibilityGlobals) = postSolution
		SolutionGuid = {144456F4-9883-40CE-ADE1-F3A4D36561C4}
	EndGlobalSection
EndGlobal
